
Microsoft Visual Studio Solution File, Format Version 12.00
# Visual Studio Version 17
VisualStudioVersion = 17.3.32929.385
MinimumVisualStudioVersion = 10.0.40219.1
Project("{FAE04EC0-301F-11D3-BF4B-00C04F79EFBC}") = "LoginAPI", "LoginAPI\LoginAPI.csproj", "{0FFCE97F-6F66-4F78-AC53-7E418B0001FD}"
EndProject
Global
	GlobalSection(SolutionConfigurationPlatforms) = preSolution
		Debug|Any CPU = Debug|Any CPU
		Release|Any CPU = Release|Any CPU
	EndGlobalSection
	GlobalSection(ProjectConfigurationPlatforms) = postSolution
		{0FFCE97F-6F66-4F78-AC53-7E418B0001FD}.Debug|Any CPU.ActiveCfg = Debug|Any CPU
		{0FFCE97F-6F66-4F78-AC53-7E418B0001FD}.Debug|Any CPU.Build.0 = Debug|Any CPU
		{0FFCE97F-6F66-4F78-AC53-7E418B0001FD}.Release|Any CPU.ActiveCfg = Release|Any CPU
		{0FFCE97F-6F66-4F78-AC53-7E418B0001FD}.Release|Any CPU.Build.0 = Release|Any CPU
	EndGlobalSection
	GlobalSection(SolutionProperties) = preSolution
		HideSolutionNode = FALSE
	EndGlobalSection
	GlobalSection(ExtensibilityGlobals) = postSolution
		SolutionGuid = {85570E96-1D26-4BF7-9FD7-4132D070FAE0}
	EndGlobalSection
EndGlobal
